# This file is automatically @generated by Cargo.
# It is not intended for manual editing.
[[package]]
name = "mosquitto-client"
version = "0.1.5"
source = "registry+https://github.com/rust-lang/crates.io-index"

[[package]]
name = "vehicle-pos-data-forwarder"
version = "0.1.0"
dependencies = [
 "mosquitto-client 0.1.5 (registry+https://github.com/rust-lang/crates.io-index)",
]

[metadata]
"checksum mosquitto-client 0.1.5 (registry+https://github.com/rust-lang/crates.io-index)" = "bf59e503a89f905da295a32eae676a1659a5e026a7e0643396dc22e8491a4846"
